
Microsoft Visual Studio Solution File, Format Version 12.00
# Visual Studio Version 17
VisualStudioVersion = 17.12.35506.116
MinimumVisualStudioVersion = 10.0.40219.1
Project("{FAE04EC0-301F-11D3-BF4B-00C04F79EFBC}") = "aoc.common", "aoc.common\aoc.common.csproj", "{9D32AFB6-3AF1-42D7-B402-D30B52CE2C27}"
EndProject
Project("{FAE04EC0-301F-11D3-BF4B-00C04F79EFBC}") = "day01", "day01\day01.csproj", "{484229E2-28CF-49AC-9840-2C69340994D1}"
EndProject
Project("{FAE04EC0-301F-11D3-BF4B-00C04F79EFBC}") = "day02", "day02\day02.csproj", "{CD9150B5-1A5C-45FE-99E3-E211E65F1444}"
EndProject
Project("{FAE04EC0-301F-11D3-BF4B-00C04F79EFBC}") = "day03", "day03\day03.csproj", "{95BFAC61-B8F2-40A9-A121-9A965C37AD85}"
EndProject
Project("{FAE04EC0-301F-11D3-BF4B-00C04F79EFBC}") = "day04", "day04\day04.csproj", "{0F1CFF02-C806-4698-A297-F497F016A4FB}"
EndProject
Project("{FAE04EC0-301F-11D3-BF4B-00C04F79EFBC}") = "day05", "day05\day05.csproj", "{8F71EDA6-BE70-4F20-8BEA-730B32DFAA8A}"
EndProject
Project("{FAE04EC0-301F-11D3-BF4B-00C04F79EFBC}") = "day06", "day06\day06.csproj", "{A5EC8032-12A5-4795-96D9-44100A40766B}"
EndProject
Project("{FAE04EC0-301F-11D3-BF4B-00C04F79EFBC}") = "day07", "day07\day07.csproj", "{C19CF665-8991-4274-BF5F-E7BE0F659267}"
EndProject
Project("{FAE04EC0-301F-11D3-BF4B-00C04F79EFBC}") = "day08", "day08\day08.csproj", "{C78B3753-BBA5-473D-8A32-142FDAC20CD8}"
EndProject
Project("{FAE04EC0-301F-11D3-BF4B-00C04F79EFBC}") = "day09", "day09\day09.csproj", "{0D96E283-F09B-40AB-9C01-DE777D6D75CB}"
EndProject
Project("{FAE04EC0-301F-11D3-BF4B-00C04F79EFBC}") = "day10", "day10\day10.csproj", "{E7EBE8B2-F328-47F8-9523-D4128BEBC04F}"
EndProject
Project("{FAE04EC0-301F-11D3-BF4B-00C04F79EFBC}") = "day11", "day11\day11.csproj", "{2E77B901-2F1B-4492-BB63-6AF746A9ED9B}"
EndProject
Project("{FAE04EC0-301F-11D3-BF4B-00C04F79EFBC}") = "day12", "day12\day12.csproj", "{16757BE5-734F-4B9F-BAA0-6B1B597AB772}"
EndProject
Project("{FAE04EC0-301F-11D3-BF4B-00C04F79EFBC}") = "day13", "day13\day13.csproj", "{D9FE847B-81B5-4159-BA8F-E6BCD241C6DF}"
EndProject
Global
	GlobalSection(SolutionConfigurationPlatforms) = preSolution
		Debug|Any CPU = Debug|Any CPU
		Release|Any CPU = Release|Any CPU
	EndGlobalSection
	GlobalSection(ProjectConfigurationPlatforms) = postSolution
		{9D32AFB6-3AF1-42D7-B402-D30B52CE2C27}.Debug|Any CPU.ActiveCfg = Debug|Any CPU
		{9D32AFB6-3AF1-42D7-B402-D30B52CE2C27}.Debug|Any CPU.Build.0 = Debug|Any CPU
		{9D32AFB6-3AF1-42D7-B402-D30B52CE2C27}.Release|Any CPU.ActiveCfg = Release|Any CPU
		{9D32AFB6-3AF1-42D7-B402-D30B52CE2C27}.Release|Any CPU.Build.0 = Release|Any CPU
		{484229E2-28CF-49AC-9840-2C69340994D1}.Debug|Any CPU.ActiveCfg = Debug|Any CPU
		{484229E2-28CF-49AC-9840-2C69340994D1}.Debug|Any CPU.Build.0 = Debug|Any CPU
		{484229E2-28CF-49AC-9840-2C69340994D1}.Release|Any CPU.ActiveCfg = Release|Any CPU
		{484229E2-28CF-49AC-9840-2C69340994D1}.Release|Any CPU.Build.0 = Release|Any CPU
		{CD9150B5-1A5C-45FE-99E3-E211E65F1444}.Debug|Any CPU.ActiveCfg = Debug|Any CPU
		{CD9150B5-1A5C-45FE-99E3-E211E65F1444}.Debug|Any CPU.Build.0 = Debug|Any CPU
		{CD9150B5-1A5C-45FE-99E3-E211E65F1444}.Release|Any CPU.ActiveCfg = Release|Any CPU
		{CD9150B5-1A5C-45FE-99E3-E211E65F1444}.Release|Any CPU.Build.0 = Release|Any CPU
		{95BFAC61-B8F2-40A9-A121-9A965C37AD85}.Debug|Any CPU.ActiveCfg = Debug|Any CPU
		{95BFAC61-B8F2-40A9-A121-9A965C37AD85}.Debug|Any CPU.Build.0 = Debug|Any CPU
		{95BFAC61-B8F2-40A9-A121-9A965C37AD85}.Release|Any CPU.ActiveCfg = Release|Any CPU
		{95BFAC61-B8F2-40A9-A121-9A965C37AD85}.Release|Any CPU.Build.0 = Release|Any CPU
		{0F1CFF02-C806-4698-A297-F497F016A4FB}.Debug|Any CPU.ActiveCfg = Debug|Any CPU
		{0F1CFF02-C806-4698-A297-F497F016A4FB}.Debug|Any CPU.Build.0 = Debug|Any CPU
		{0F1CFF02-C806-4698-A297-F497F016A4FB}.Release|Any CPU.ActiveCfg = Release|Any CPU
		{0F1CFF02-C806-4698-A297-F497F016A4FB}.Release|Any CPU.Build.0 = Release|Any CPU
		{8F71EDA6-BE70-4F20-8BEA-730B32DFAA8A}.Debug|Any CPU.ActiveCfg = Debug|Any CPU
		{8F71EDA6-BE70-4F20-8BEA-730B32DFAA8A}.Debug|Any CPU.Build.0 = Debug|Any CPU
		{8F71EDA6-BE70-4F20-8BEA-730B32DFAA8A}.Release|Any CPU.ActiveCfg = Release|Any CPU
		{8F71EDA6-BE70-4F20-8BEA-730B32DFAA8A}.Release|Any CPU.Build.0 = Release|Any CPU
		{A5EC8032-12A5-4795-96D9-44100A40766B}.Debug|Any CPU.ActiveCfg = Debug|Any CPU
		{A5EC8032-12A5-4795-96D9-44100A40766B}.Debug|Any CPU.Build.0 = Debug|Any CPU
		{A5EC8032-12A5-4795-96D9-44100A40766B}.Release|Any CPU.ActiveCfg = Release|Any CPU
		{A5EC8032-12A5-4795-96D9-44100A40766B}.Release|Any CPU.Build.0 = Release|Any CPU
		{C19CF665-8991-4274-BF5F-E7BE0F659267}.Debug|Any CPU.ActiveCfg = Debug|Any CPU
		{C19CF665-8991-4274-BF5F-E7BE0F659267}.Debug|Any CPU.Build.0 = Debug|Any CPU
		{C19CF665-8991-4274-BF5F-E7BE0F659267}.Release|Any CPU.ActiveCfg = Release|Any CPU
		{C19CF665-8991-4274-BF5F-E7BE0F659267}.Release|Any CPU.Build.0 = Release|Any CPU
		{C78B3753-BBA5-473D-8A32-142FDAC20CD8}.Debug|Any CPU.ActiveCfg = Debug|Any CPU
		{C78B3753-BBA5-473D-8A32-142FDAC20CD8}.Debug|Any CPU.Build.0 = Debug|Any CPU
		{C78B3753-BBA5-473D-8A32-142FDAC20CD8}.Release|Any CPU.ActiveCfg = Release|Any CPU
		{C78B3753-BBA5-473D-8A32-142FDAC20CD8}.Release|Any CPU.Build.0 = Release|Any CPU
		{0D96E283-F09B-40AB-9C01-DE777D6D75CB}.Debug|Any CPU.ActiveCfg = Debug|Any CPU
		{0D96E283-F09B-40AB-9C01-DE777D6D75CB}.Debug|Any CPU.Build.0 = Debug|Any CPU
		{0D96E283-F09B-40AB-9C01-DE777D6D75CB}.Release|Any CPU.ActiveCfg = Release|Any CPU
		{0D96E283-F09B-40AB-9C01-DE777D6D75CB}.Release|Any CPU.Build.0 = Release|Any CPU
		{E7EBE8B2-F328-47F8-9523-D4128BEBC04F}.Debug|Any CPU.ActiveCfg = Debug|Any CPU
		{E7EBE8B2-F328-47F8-9523-D4128BEBC04F}.Debug|Any CPU.Build.0 = Debug|Any CPU
		{E7EBE8B2-F328-47F8-9523-D4128BEBC04F}.Release|Any CPU.ActiveCfg = Release|Any CPU
		{E7EBE8B2-F328-47F8-9523-D4128BEBC04F}.Release|Any CPU.Build.0 = Release|Any CPU
		{2E77B901-2F1B-4492-BB63-6AF746A9ED9B}.Debug|Any CPU.ActiveCfg = Debug|Any CPU
		{2E77B901-2F1B-4492-BB63-6AF746A9ED9B}.Debug|Any CPU.Build.0 = Debug|Any CPU
		{2E77B901-2F1B-4492-BB63-6AF746A9ED9B}.Release|Any CPU.ActiveCfg = Release|Any CPU
		{2E77B901-2F1B-4492-BB63-6AF746A9ED9B}.Release|Any CPU.Build.0 = Release|Any CPU
		{16757BE5-734F-4B9F-BAA0-6B1B597AB772}.Debug|Any CPU.ActiveCfg = Debug|Any CPU
		{16757BE5-734F-4B9F-BAA0-6B1B597AB772}.Debug|Any CPU.Build.0 = Debug|Any CPU
		{16757BE5-734F-4B9F-BAA0-6B1B597AB772}.Release|Any CPU.ActiveCfg = Release|Any CPU
		{16757BE5-734F-4B9F-BAA0-6B1B597AB772}.Release|Any CPU.Build.0 = Release|Any CPU
		{D9FE847B-81B5-4159-BA8F-E6BCD241C6DF}.Debug|Any CPU.ActiveCfg = Debug|Any CPU
		{D9FE847B-81B5-4159-BA8F-E6BCD241C6DF}.Debug|Any CPU.Build.0 = Debug|Any CPU
		{D9FE847B-81B5-4159-BA8F-E6BCD241C6DF}.Release|Any CPU.ActiveCfg = Release|Any CPU
		{D9FE847B-81B5-4159-BA8F-E6BCD241C6DF}.Release|Any CPU.Build.0 = Release|Any CPU
	EndGlobalSection
	GlobalSection(SolutionProperties) = preSolution
		HideSolutionNode = FALSE
	EndGlobalSection
EndGlobal
